
Microsoft Visual Studio Solution File, Format Version 12.00
# Visual Studio Version 17
VisualStudioVersion = 17.3.32929.385
MinimumVisualStudioVersion = 10.0.40219.1
Project("{FAE04EC0-301F-11D3-BF4B-00C04F79EFBC}") = "Prb.Leveringen.Wpf", "Prb.Leveringen.Wpf\Prb.Leveringen.Wpf.csproj", "{0D6F5F03-9422-40B9-9D59-2E3BCC840E48}"
EndProject
Global
	GlobalSection(SolutionConfigurationPlatforms) = preSolution
		Debug|Any CPU = Debug|Any CPU
		Release|Any CPU = Release|Any CPU
	EndGlobalSection
	GlobalSection(ProjectConfigurationPlatforms) = postSolution
		{0D6F5F03-9422-40B9-9D59-2E3BCC840E48}.Debug|Any CPU.ActiveCfg = Debug|Any CPU
		{0D6F5F03-9422-40B9-9D59-2E3BCC840E48}.Debug|Any CPU.Build.0 = Debug|Any CPU
		{0D6F5F03-9422-40B9-9D59-2E3BCC840E48}.Release|Any CPU.ActiveCfg = Release|Any CPU
		{0D6F5F03-9422-40B9-9D59-2E3BCC840E48}.Release|Any CPU.Build.0 = Release|Any CPU
	EndGlobalSection
	GlobalSection(SolutionProperties) = preSolution
		HideSolutionNode = FALSE
	EndGlobalSection
	GlobalSection(ExtensibilityGlobals) = postSolution
		SolutionGuid = {C3D1866C-58B8-4CDC-8854-69A2974182A4}
	EndGlobalSection
EndGlobal
